
Microsoft Visual Studio Solution File, Format Version 12.00
# Visual Studio Version 17
VisualStudioVersion = 17.14.36414.22 d17.14
MinimumVisualStudioVersion = 10.0.40219.1
Project("{FAE04EC0-301F-11D3-BF4B-00C04F79EFBC}") = "APIGateway", "APIGateway\APIGateway.csproj", "{81A3605F-5EF6-4959-9C40-1FC21D3DA94C}"
EndProject
Project("{2150E333-8FDC-42A3-9474-1A3956D46DE8}") = "Services", "Services", "{02EA681E-C7D8-13C7-8484-4AC65E1B71E8}"
EndProject
Project("{FAE04EC0-301F-11D3-BF4B-00C04F79EFBC}") = "User.API", "Services\UserAPI\User.API\User.API.csproj", "{C3C8A3B8-F458-442E-B499-25A9AC4CF998}"
EndProject
Project("{FAE04EC0-301F-11D3-BF4B-00C04F79EFBC}") = "Reservation.API", "Services\ReservationAPI\ReservationAPI\Reservation.API.csproj", "{8D928939-27E6-462C-BE39-BCF00DF3DD39}"
EndProject
Project("{2150E333-8FDC-42A3-9474-1A3956D46DE8}") = "UserAPI", "UserAPI", "{16297D29-6B30-453D-9E89-B4BDE17F8843}"
EndProject
Project("{2150E333-8FDC-42A3-9474-1A3956D46DE8}") = "ReservationAPI", "ReservationAPI", "{85BE9F16-639C-438C-B04C-7A07ED937D9F}"
EndProject
Project("{FAE04EC0-301F-11D3-BF4B-00C04F79EFBC}") = "User.API.Infrastructure", "Services\UserAPI\User.API.Infrastructure\User.API.Infrastructure.csproj", "{ECFB36F5-1EF8-4E23-96AC-F5CE2365FF18}"
EndProject
Project("{FAE04EC0-301F-11D3-BF4B-00C04F79EFBC}") = "User.API.Models", "Services\UserAPI\User.API.Models\User.API.Models.csproj", "{FBE053FF-CE69-4146-A409-B52FD3E669B7}"
EndProject
Project("{FAE04EC0-301F-11D3-BF4B-00C04F79EFBC}") = "User.API.Services", "Services\UserAPI\User.API.Services\User.API.Services.csproj", "{4E79ADA8-92AA-4B48-B8EC-348C9C7D3574}"
EndProject
Project("{FAE04EC0-301F-11D3-BF4B-00C04F79EFBC}") = "Reservation.API.Infrastructure", "Services\ReservationAPI\Reservation.API.Infrastructure\Reservation.API.Infrastructure.csproj", "{4912CDF7-5AF6-49D5-8DED-FD479879C6B5}"
EndProject
Project("{FAE04EC0-301F-11D3-BF4B-00C04F79EFBC}") = "Reservation.API.Services", "Services\ReservationAPI\Reservation.API.Services\Reservation.API.Services.csproj", "{CC098FE2-1DE3-4A6C-B26C-9EFC25E0D0B5}"
EndProject
Project("{FAE04EC0-301F-11D3-BF4B-00C04F79EFBC}") = "Reservation.API.Models", "Reservation.API.Models\Reservation.API.Models.csproj", "{90F35D23-650A-406B-A846-6DDB4250112A}"
EndProject
Global
	GlobalSection(SolutionConfigurationPlatforms) = preSolution
		Debug|Any CPU = Debug|Any CPU
		Release|Any CPU = Release|Any CPU
	EndGlobalSection
	GlobalSection(ProjectConfigurationPlatforms) = postSolution
		{81A3605F-5EF6-4959-9C40-1FC21D3DA94C}.Debug|Any CPU.ActiveCfg = Debug|Any CPU
		{81A3605F-5EF6-4959-9C40-1FC21D3DA94C}.Debug|Any CPU.Build.0 = Debug|Any CPU
		{81A3605F-5EF6-4959-9C40-1FC21D3DA94C}.Release|Any CPU.ActiveCfg = Release|Any CPU
		{81A3605F-5EF6-4959-9C40-1FC21D3DA94C}.Release|Any CPU.Build.0 = Release|Any CPU
		{C3C8A3B8-F458-442E-B499-25A9AC4CF998}.Debug|Any CPU.ActiveCfg = Debug|Any CPU
		{C3C8A3B8-F458-442E-B499-25A9AC4CF998}.Debug|Any CPU.Build.0 = Debug|Any CPU
		{C3C8A3B8-F458-442E-B499-25A9AC4CF998}.Release|Any CPU.ActiveCfg = Release|Any CPU
		{C3C8A3B8-F458-442E-B499-25A9AC4CF998}.Release|Any CPU.Build.0 = Release|Any CPU
		{8D928939-27E6-462C-BE39-BCF00DF3DD39}.Debug|Any CPU.ActiveCfg = Debug|Any CPU
		{8D928939-27E6-462C-BE39-BCF00DF3DD39}.Debug|Any CPU.Build.0 = Debug|Any CPU
		{8D928939-27E6-462C-BE39-BCF00DF3DD39}.Release|Any CPU.ActiveCfg = Release|Any CPU
		{8D928939-27E6-462C-BE39-BCF00DF3DD39}.Release|Any CPU.Build.0 = Release|Any CPU
		{ECFB36F5-1EF8-4E23-96AC-F5CE2365FF18}.Debug|Any CPU.ActiveCfg = Debug|Any CPU
		{ECFB36F5-1EF8-4E23-96AC-F5CE2365FF18}.Debug|Any CPU.Build.0 = Debug|Any CPU
		{ECFB36F5-1EF8-4E23-96AC-F5CE2365FF18}.Release|Any CPU.ActiveCfg = Release|Any CPU
		{ECFB36F5-1EF8-4E23-96AC-F5CE2365FF18}.Release|Any CPU.Build.0 = Release|Any CPU
		{FBE053FF-CE69-4146-A409-B52FD3E669B7}.Debug|Any CPU.ActiveCfg = Debug|Any CPU
		{FBE053FF-CE69-4146-A409-B52FD3E669B7}.Debug|Any CPU.Build.0 = Debug|Any CPU
		{FBE053FF-CE69-4146-A409-B52FD3E669B7}.Release|Any CPU.ActiveCfg = Release|Any CPU
		{FBE053FF-CE69-4146-A409-B52FD3E669B7}.Release|Any CPU.Build.0 = Release|Any CPU
		{4E79ADA8-92AA-4B48-B8EC-348C9C7D3574}.Debug|Any CPU.ActiveCfg = Debug|Any CPU
		{4E79ADA8-92AA-4B48-B8EC-348C9C7D3574}.Debug|Any CPU.Build.0 = Debug|Any CPU
		{4E79ADA8-92AA-4B48-B8EC-348C9C7D3574}.Release|Any CPU.ActiveCfg = Release|Any CPU
		{4E79ADA8-92AA-4B48-B8EC-348C9C7D3574}.Release|Any CPU.Build.0 = Release|Any CPU
		{4912CDF7-5AF6-49D5-8DED-FD479879C6B5}.Debug|Any CPU.ActiveCfg = Debug|Any CPU
		{4912CDF7-5AF6-49D5-8DED-FD479879C6B5}.Debug|Any CPU.Build.0 = Debug|Any CPU
		{4912CDF7-5AF6-49D5-8DED-FD479879C6B5}.Release|Any CPU.ActiveCfg = Release|Any CPU
		{4912CDF7-5AF6-49D5-8DED-FD479879C6B5}.Release|Any CPU.Build.0 = Release|Any CPU
		{CC098FE2-1DE3-4A6C-B26C-9EFC25E0D0B5}.Debug|Any CPU.ActiveCfg = Debug|Any CPU
		{CC098FE2-1DE3-4A6C-B26C-9EFC25E0D0B5}.Debug|Any CPU.Build.0 = Debug|Any CPU
		{CC098FE2-1DE3-4A6C-B26C-9EFC25E0D0B5}.Release|Any CPU.ActiveCfg = Release|Any CPU
		{CC098FE2-1DE3-4A6C-B26C-9EFC25E0D0B5}.Release|Any CPU.Build.0 = Release|Any CPU
		{90F35D23-650A-406B-A846-6DDB4250112A}.Debug|Any CPU.ActiveCfg = Debug|Any CPU
		{90F35D23-650A-406B-A846-6DDB4250112A}.Debug|Any CPU.Build.0 = Debug|Any CPU
		{90F35D23-650A-406B-A846-6DDB4250112A}.Release|Any CPU.ActiveCfg = Release|Any CPU
		{90F35D23-650A-406B-A846-6DDB4250112A}.Release|Any CPU.Build.0 = Release|Any CPU
	EndGlobalSection
	GlobalSection(SolutionProperties) = preSolution
		HideSolutionNode = FALSE
	EndGlobalSection
	GlobalSection(NestedProjects) = preSolution
		{C3C8A3B8-F458-442E-B499-25A9AC4CF998} = {16297D29-6B30-453D-9E89-B4BDE17F8843}
		{8D928939-27E6-462C-BE39-BCF00DF3DD39} = {85BE9F16-639C-438C-B04C-7A07ED937D9F}
		{16297D29-6B30-453D-9E89-B4BDE17F8843} = {02EA681E-C7D8-13C7-8484-4AC65E1B71E8}
		{85BE9F16-639C-438C-B04C-7A07ED937D9F} = {02EA681E-C7D8-13C7-8484-4AC65E1B71E8}
		{ECFB36F5-1EF8-4E23-96AC-F5CE2365FF18} = {16297D29-6B30-453D-9E89-B4BDE17F8843}
		{FBE053FF-CE69-4146-A409-B52FD3E669B7} = {16297D29-6B30-453D-9E89-B4BDE17F8843}
		{4E79ADA8-92AA-4B48-B8EC-348C9C7D3574} = {16297D29-6B30-453D-9E89-B4BDE17F8843}
		{4912CDF7-5AF6-49D5-8DED-FD479879C6B5} = {85BE9F16-639C-438C-B04C-7A07ED937D9F}
		{CC098FE2-1DE3-4A6C-B26C-9EFC25E0D0B5} = {85BE9F16-639C-438C-B04C-7A07ED937D9F}
		{90F35D23-650A-406B-A846-6DDB4250112A} = {85BE9F16-639C-438C-B04C-7A07ED937D9F}
	EndGlobalSection
	GlobalSection(ExtensibilityGlobals) = postSolution
		SolutionGuid = {2FC98746-254D-4B45-835B-68B0754389B2}
	EndGlobalSection
EndGlobal
